// !$*UTF8*$!
{
	archiveVersion = 1;
	classes = {
	};
	objectVersion = 56;
	objects = {

/* Begin PBXBuildFile section */
		C550A15FE51A9508AD2F84D2 /* Pods_NewsAppNew3.framework in Frameworks */ = {isa = PBXBuildFile; fileRef = 50F59C6852A98E27E7927779 /* Pods_NewsAppNew3.framework */; };
		CEA756B229DAEB7700D996D2 /* AppDelegate.swift in Sources */ = {isa = PBXBuildFile; fileRef = CEA756B129DAEB7700D996D2 /* AppDelegate.swift */; };
		CEA756B429DAEB7700D996D2 /* SceneDelegate.swift in Sources */ = {isa = PBXBuildFile; fileRef = CEA756B329DAEB7700D996D2 /* SceneDelegate.swift */; };
		CEA756B629DAEB7700D996D2 /* ViewController.swift in Sources */ = {isa = PBXBuildFile; fileRef = CEA756B529DAEB7700D996D2 /* ViewController.swift */; };
		CEA756B929DAEB7700D996D2 /* Main.storyboard in Resources */ = {isa = PBXBuildFile; fileRef = CEA756B729DAEB7700D996D2 /* Main.storyboard */; };
		CEA756BB29DAEB7A00D996D2 /* Assets.xcassets in Resources */ = {isa = PBXBuildFile; fileRef = CEA756BA29DAEB7A00D996D2 /* Assets.xcassets */; };
		CEA756BE29DAEB7A00D996D2 /* LaunchScreen.storyboard in Resources */ = {isa = PBXBuildFile; fileRef = CEA756BC29DAEB7A00D996D2 /* LaunchScreen.storyboard */; };
		CEA756CB29DAF68C00D996D2 /* ApiManager .swift in Sources */ = {isa = PBXBuildFile; fileRef = CEA756CA29DAF68C00D996D2 /* ApiManager .swift */; };
		CEA756CD29DAF6A200D996D2 /* PostModel.swift in Sources */ = {isa = PBXBuildFile; fileRef = CEA756CC29DAF6A200D996D2 /* PostModel.swift */; };
		CEA756D129DAF75E00D996D2 /* GetRequestPage.swift in Sources */ = {isa = PBXBuildFile; fileRef = CEA756D029DAF75E00D996D2 /* GetRequestPage.swift */; };
		CEA756D329DAF77800D996D2 /* GetRequestFullPage.swift in Sources */ = {isa = PBXBuildFile; fileRef = CEA756D229DAF77800D996D2 /* GetRequestFullPage.swift */; };
		CEA756D629DAF79800D996D2 /* PostRequestPage.swift in Sources */ = {isa = PBXBuildFile; fileRef = CEA756D529DAF79800D996D2 /* PostRequestPage.swift */; };
		CEA756D829DAF7B000D996D2 /* CustomCell.swift in Sources */ = {isa = PBXBuildFile; fileRef = CEA756D729DAF7B000D996D2 /* CustomCell.swift */; };
		CEA756DA29DAF7EC00D996D2 /* NewsModel.swift in Sources */ = {isa = PBXBuildFile; fileRef = CEA756D929DAF7EC00D996D2 /* NewsModel.swift */; };
/* End PBXBuildFile section */

/* Begin PBXFileReference section */
		180C2AEBD08A651AADA206DE /* Pods-NewsAppNew3.release.xcconfig */ = {isa = PBXFileReference; includeInIndex = 1; lastKnownFileType = text.xcconfig; name = "Pods-NewsAppNew3.release.xcconfig"; path = "Target Support Files/Pods-NewsAppNew3/Pods-NewsAppNew3.release.xcconfig"; sourceTree = "<group>"; };
		50F59C6852A98E27E7927779 /* Pods_NewsAppNew3.framework */ = {isa = PBXFileReference; explicitFileType = wrapper.framework; includeInIndex = 0; path = Pods_NewsAppNew3.framework; sourceTree = BUILT_PRODUCTS_DIR; };
		A8C585A12B43A98127E8AA07 /* Pods-NewsAppNew3.debug.xcconfig */ = {isa = PBXFileReference; includeInIndex = 1; lastKnownFileType = text.xcconfig; name = "Pods-NewsAppNew3.debug.xcconfig"; path = "Target Support Files/Pods-NewsAppNew3/Pods-NewsAppNew3.debug.xcconfig"; sourceTree = "<group>"; };
		CEA756AE29DAEB7700D996D2 /* NewsAppNew3.app */ = {isa = PBXFileReference; explicitFileType = wrapper.application; includeInIndex = 0; path = NewsAppNew3.app; sourceTree = BUILT_PRODUCTS_DIR; };
		CEA756B129DAEB7700D996D2 /* AppDelegate.swift */ = {isa = PBXFileReference; lastKnownFileType = sourcecode.swift; path = AppDelegate.swift; sourceTree = "<group>"; };
		CEA756B329DAEB7700D996D2 /* SceneDelegate.swift */ = {isa = PBXFileReference; lastKnownFileType = sourcecode.swift; path = SceneDelegate.swift; sourceTree = "<group>"; };
		CEA756B529DAEB7700D996D2 /* ViewController.swift */ = {isa = PBXFileReference; lastKnownFileType = sourcecode.swift; path = ViewController.swift; sourceTree = "<group>"; };
		CEA756B829DAEB7700D996D2 /* Base */ = {isa = PBXFileReference; lastKnownFileType = file.storyboard; name = Base; path = Base.lproj/Main.storyboard; sourceTree = "<group>"; };
		CEA756BA29DAEB7A00D996D2 /* Assets.xcassets */ = {isa = PBXFileReference; lastKnownFileType = folder.assetcatalog; path = Assets.xcassets; sourceTree = "<group>"; };
		CEA756BD29DAEB7A00D996D2 /* Base */ = {isa = PBXFileReference; lastKnownFileType = file.storyboard; name = Base; path = Base.lproj/LaunchScreen.storyboard; sourceTree = "<group>"; };
		CEA756BF29DAEB7A00D996D2 /* Info.plist */ = {isa = PBXFileReference; lastKnownFileType = text.plist.xml; path = Info.plist; sourceTree = "<group>"; };
		CEA756CA29DAF68C00D996D2 /* ApiManager .swift */ = {isa = PBXFileReference; lastKnownFileType = sourcecode.swift; path = "ApiManager .swift"; sourceTree = "<group>"; };
		CEA756CC29DAF6A200D996D2 /* PostModel.swift */ = {isa = PBXFileReference; lastKnownFileType = sourcecode.swift; path = PostModel.swift; sourceTree = "<group>"; };
		CEA756D029DAF75E00D996D2 /* GetRequestPage.swift */ = {isa = PBXFileReference; lastKnownFileType = sourcecode.swift; path = GetRequestPage.swift; sourceTree = "<group>"; };
		CEA756D229DAF77800D996D2 /* GetRequestFullPage.swift */ = {isa = PBXFileReference; lastKnownFileType = sourcecode.swift; path = GetRequestFullPage.swift; sourceTree = "<group>"; };
		CEA756D529DAF79800D996D2 /* PostRequestPage.swift */ = {isa = PBXFileReference; lastKnownFileType = sourcecode.swift; path = PostRequestPage.swift; sourceTree = "<group>"; };
		CEA756D729DAF7B000D996D2 /* CustomCell.swift */ = {isa = PBXFileReference; lastKnownFileType = sourcecode.swift; path = CustomCell.swift; sourceTree = "<group>"; };
		CEA756D929DAF7EC00D996D2 /* NewsModel.swift */ = {isa = PBXFileReference; lastKnownFileType = sourcecode.swift; path = NewsModel.swift; sourceTree = "<group>"; };
/* End PBXFileReference section */

/* Begin PBXFrameworksBuildPhase section */
		CEA756AB29DAEB7700D996D2 /* Frameworks */ = {
			isa = PBXFrameworksBuildPhase;
			buildActionMask = 2147483647;
			files = (
				C550A15FE51A9508AD2F84D2 /* Pods_NewsAppNew3.framework in Frameworks */,
			);
			runOnlyForDeploymentPostprocessing = 0;
		};
/* End PBXFrameworksBuildPhase section */

/* Begin PBXGroup section */
		4D753683A6DF02E6022A7127 /* Pods */ = {
			isa = PBXGroup;
			children = (
				A8C585A12B43A98127E8AA07 /* Pods-NewsAppNew3.debug.xcconfig */,
				180C2AEBD08A651AADA206DE /* Pods-NewsAppNew3.release.xcconfig */,
			);
			path = Pods;
			sourceTree = "<group>";
		};
		CEA756A529DAEB7700D996D2 = {
			isa = PBXGroup;
			children = (
				CEA756B029DAEB7700D996D2 /* NewsAppNew3 */,
				CEA756AF29DAEB7700D996D2 /* Products */,
				4D753683A6DF02E6022A7127 /* Pods */,
				DBE13B7036A79AE90654DC82 /* Frameworks */,
			);
			sourceTree = "<group>";
		};
		CEA756AF29DAEB7700D996D2 /* Products */ = {
			isa = PBXGroup;
			children = (
				CEA756AE29DAEB7700D996D2 /* NewsAppNew3.app */,
			);
			name = Products;
			sourceTree = "<group>";
		};
		CEA756B029DAEB7700D996D2 /* NewsAppNew3 */ = {
			isa = PBXGroup;
			children = (
				CEA756CF29DAF71000D996D2 /* Views  */,
				CEA756CE29DAF6F700D996D2 /* ApiManager  */,
				CEA756C929DAEEF200D996D2 /* SupportFiles */,
				CEA756B729DAEB7700D996D2 /* Main.storyboard */,
				CEA756BA29DAEB7A00D996D2 /* Assets.xcassets */,
				CEA756BC29DAEB7A00D996D2 /* LaunchScreen.storyboard */,
				CEA756BF29DAEB7A00D996D2 /* Info.plist */,
			);
			path = NewsAppNew3;
			sourceTree = "<group>";
		};
		CEA756C929DAEEF200D996D2 /* SupportFiles */ = {
			isa = PBXGroup;
			children = (
				CEA756B329DAEB7700D996D2 /* SceneDelegate.swift */,
				CEA756B129DAEB7700D996D2 /* AppDelegate.swift */,
			);
			path = SupportFiles;
			sourceTree = "<group>";
		};
		CEA756CE29DAF6F700D996D2 /* ApiManager  */ = {
			isa = PBXGroup;
			children = (
				CEA756CA29DAF68C00D996D2 /* ApiManager .swift */,
			);
			path = "ApiManager ";
			sourceTree = "<group>";
		};
		CEA756CF29DAF71000D996D2 /* Views  */ = {
			isa = PBXGroup;
			children = (
				CEA756D929DAF7EC00D996D2 /* NewsModel.swift */,
				CEA756B529DAEB7700D996D2 /* ViewController.swift */,
				CEA756CC29DAF6A200D996D2 /* PostModel.swift */,
				CEA756D029DAF75E00D996D2 /* GetRequestPage.swift */,
				CEA756D229DAF77800D996D2 /* GetRequestFullPage.swift */,
				CEA756D529DAF79800D996D2 /* PostRequestPage.swift */,
				CEA756D729DAF7B000D996D2 /* CustomCell.swift */,
			);
			path = "Views ";
			sourceTree = "<group>";
		};
		DBE13B7036A79AE90654DC82 /* Frameworks */ = {
			isa = PBXGroup;
			children = (
				50F59C6852A98E27E7927779 /* Pods_NewsAppNew3.framework */,
			);
			name = Frameworks;
			sourceTree = "<group>";
		};
/* End PBXGroup section */

/* Begin PBXNativeTarget section */
		CEA756AD29DAEB7700D996D2 /* NewsAppNew3 */ = {
			isa = PBXNativeTarget;
			buildConfigurationList = CEA756C229DAEB7A00D996D2 /* Build configuration list for PBXNativeTarget "NewsAppNew3" */;
			buildPhases = (
				FEF44323697269D71EC79BAF /* [CP] Check Pods Manifest.lock */,
				CEA756AA29DAEB7700D996D2 /* Sources */,
				CEA756AB29DAEB7700D996D2 /* Frameworks */,
				CEA756AC29DAEB7700D996D2 /* Resources */,
				DAB4684D3ACCD1240925A1BE /* [CP] Embed Pods Frameworks */,
			);
			buildRules = (
			);
			dependencies = (
			);
			name = NewsAppNew3;
			productName = NewsAppNew3;
			productReference = CEA756AE29DAEB7700D996D2 /* NewsAppNew3.app */;
			productType = "com.apple.product-type.application";
		};
/* End PBXNativeTarget section */

/* Begin PBXProject section */
		CEA756A629DAEB7700D996D2 /* Project object */ = {
			isa = PBXProject;
			attributes = {
				BuildIndependentTargetsInParallel = 1;
				LastSwiftUpdateCheck = 1410;
				LastUpgradeCheck = 1410;
				TargetAttributes = {
					CEA756AD29DAEB7700D996D2 = {
						CreatedOnToolsVersion = 14.1;
					};
				};
			};
			buildConfigurationList = CEA756A929DAEB7700D996D2 /* Build configuration list for PBXProject "NewsAppNew3" */;
			compatibilityVersion = "Xcode 14.0";
			developmentRegion = en;
			hasScannedForEncodings = 0;
			knownRegions = (
				en,
				Base,
			);
			mainGroup = CEA756A529DAEB7700D996D2;
			productRefGroup = CEA756AF29DAEB7700D996D2 /* Products */;
			projectDirPath = "";
			projectRoot = "";
			targets = (
				CEA756AD29DAEB7700D996D2 /* NewsAppNew3 */,
			);
		};
/* End PBXProject section */

/* Begin PBXResourcesBuildPhase section */
		CEA756AC29DAEB7700D996D2 /* Resources */ = {
			isa = PBXResourcesBuildPhase;
			buildActionMask = 2147483647;
			files = (
				CEA756BE29DAEB7A00D996D2 /* LaunchScreen.storyboard in Resources */,
				CEA756BB29DAEB7A00D996D2 /* Assets.xcassets in Resources */,
				CEA756B929DAEB7700D996D2 /* Main.storyboard in Resources */,
			);
			runOnlyForDeploymentPostprocessing = 0;
		};
/* End PBXResourcesBuildPhase section */

/* Begin PBXShellScriptBuildPhase section */
		DAB4684D3ACCD1240925A1BE /* [CP] Embed Pods Frameworks */ = {
			isa = PBXShellScriptBuildPhase;
			buildActionMask = 2147483647;
			files = (
			);
			inputFileListPaths = (
				"${PODS_ROOT}/Target Support Files/Pods-NewsAppNew3/Pods-NewsAppNew3-frameworks-${CONFIGURATION}-input-files.xcfilelist",
			);
			name = "[CP] Embed Pods Frameworks";
			outputFileListPaths = (
				"${PODS_ROOT}/Target Support Files/Pods-NewsAppNew3/Pods-NewsAppNew3-frameworks-${CONFIGURATION}-output-files.xcfilelist",
			);
			runOnlyForDeploymentPostprocessing = 0;
			shellPath = /bin/sh;
			shellScript = "\"${PODS_ROOT}/Target Support Files/Pods-NewsAppNew3/Pods-NewsAppNew3-frameworks.sh\"\n";
			showEnvVarsInLog = 0;
		};
		FEF44323697269D71EC79BAF /* [CP] Check Pods Manifest.lock */ = {
			isa = PBXShellScriptBuildPhase;
			buildActionMask = 2147483647;
			files = (
			);
			inputFileListPaths = (
			);
			inputPaths = (
				"${PODS_PODFILE_DIR_PATH}/Podfile.lock",
				"${PODS_ROOT}/Manifest.lock",
			);
			name = "[CP] Check Pods Manifest.lock";
			outputFileListPaths = (
			);
			outputPaths = (
				"$(DERIVED_FILE_DIR)/Pods-NewsAppNew3-checkManifestLockResult.txt",
			);
			runOnlyForDeploymentPostprocessing = 0;
			shellPath = /bin/sh;
			shellScript = "diff \"${PODS_PODFILE_DIR_PATH}/Podfile.lock\" \"${PODS_ROOT}/Manifest.lock\" > /dev/null\nif [ $? != 0 ] ; then\n    # print error to STDERR\n    echo \"error: The sandbox is not in sync with the Podfile.lock. Run 'pod install' or update your CocoaPods installation.\" >&2\n    exit 1\nfi\n# This output is used by Xcode 'outputs' to avoid re-running this script phase.\necho \"SUCCESS\" > \"${SCRIPT_OUTPUT_FILE_0}\"\n";
			showEnvVarsInLog = 0;
		};
/* End PBXShellScriptBuildPhase section */

/* Begin PBXSourcesBuildPhase section */
		CEA756AA29DAEB7700D996D2 /* Sources */ = {
			isa = PBXSourcesBuildPhase;
			buildActionMask = 2147483647;
			files = (
				CEA756B629DAEB7700D996D2 /* ViewController.swift in Sources */,
				CEA756CB29DAF68C00D996D2 /* ApiManager .swift in Sources */,
				CEA756B229DAEB7700D996D2 /* AppDelegate.swift in Sources */,
				CEA756D129DAF75E00D996D2 /* GetRequestPage.swift in Sources */,
				CEA756DA29DAF7EC00D996D2 /* NewsModel.swift in Sources */,
				CEA756D829DAF7B000D996D2 /* CustomCell.swift in Sources */,
				CEA756D629DAF79800D996D2 /* PostRequestPage.swift in Sources */,
				CEA756B429DAEB7700D996D2 /* SceneDelegate.swift in Sources */,
				CEA756D329DAF77800D996D2 /* GetRequestFullPage.swift in Sources */,
				CEA756CD29DAF6A200D996D2 /* PostModel.swift in Sources */,
			);
			runOnlyForDeploymentPostprocessing = 0;
		};
/* End PBXSourcesBuildPhase section */

/* Begin PBXVariantGroup section */
		CEA756B729DAEB7700D996D2 /* Main.storyboard */ = {
			isa = PBXVariantGroup;
			children = (
				CEA756B829DAEB7700D996D2 /* Base */,
			);
			name = Main.storyboard;
			sourceTree = "<group>";
		};
		CEA756BC29DAEB7A00D996D2 /* LaunchScreen.storyboard */ = {
			isa = PBXVariantGroup;
			children = (
				CEA756BD29DAEB7A00D996D2 /* Base */,
			);
			name = LaunchScreen.storyboard;
			sourceTree = "<group>";
		};
/* End PBXVariantGroup section */

/* Begin XCBuildConfiguration section */
		CEA756C029DAEB7A00D996D2 /* Debug */ = {
			isa = XCBuildConfiguration;
			buildSettings = {
				ALWAYS_SEARCH_USER_PATHS = NO;
				CLANG_ANALYZER_NONNULL = YES;
				CLANG_ANALYZER_NUMBER_OBJECT_CONVERSION = YES_AGGRESSIVE;
				CLANG_CXX_LANGUAGE_STANDARD = "gnu++20";
				CLANG_ENABLE_MODULES = YES;
				CLANG_ENABLE_OBJC_ARC = YES;
				CLANG_ENABLE_OBJC_WEAK = YES;
				CLANG_WARN_BLOCK_CAPTURE_AUTORELEASING = YES;
				CLANG_WARN_BOOL_CONVERSION = YES;
				CLANG_WARN_COMMA = YES;
				CLANG_WARN_CONSTANT_CONVERSION = YES;
				CLANG_WARN_DEPRECATED_OBJC_IMPLEMENTATIONS = YES;
				CLANG_WARN_DIRECT_OBJC_ISA_USAGE = YES_ERROR;
				CLANG_WARN_DOCUMENTATION_COMMENTS = YES;
				CLANG_WARN_EMPTY_BODY = YES;
				CLANG_WARN_ENUM_CONVERSION = YES;
				CLANG_WARN_INFINITE_RECURSION = YES;
				CLANG_WARN_INT_CONVERSION = YES;
				CLANG_WARN_NON_LITERAL_NULL_CONVERSION = YES;
				CLANG_WARN_OBJC_IMPLICIT_RETAIN_SELF = YES;
				CLANG_WARN_OBJC_LITERAL_CONVERSION = YES;
				CLANG_WARN_OBJC_ROOT_CLASS = YES_ERROR;
				CLANG_WARN_QUOTED_INCLUDE_IN_FRAMEWORK_HEADER = YES;
				CLANG_WARN_RANGE_LOOP_ANALYSIS = YES;
				CLANG_WARN_STRICT_PROTOTYPES = YES;
				CLANG_WARN_SUSPICIOUS_MOVE = YES;
				CLANG_WARN_UNGUARDED_AVAILABILITY = YES_AGGRESSIVE;
				CLANG_WARN_UNREACHABLE_CODE = YES;
				CLANG_WARN__DUPLICATE_METHOD_MATCH = YES;
				COPY_PHASE_STRIP = NO;
				DEBUG_INFORMATION_FORMAT = dwarf;
				ENABLE_STRICT_OBJC_MSGSEND = YES;
				ENABLE_TESTABILITY = YES;
				GCC_C_LANGUAGE_STANDARD = gnu11;
				GCC_DYNAMIC_NO_PIC = NO;
				GCC_NO_COMMON_BLOCKS = YES;
				GCC_OPTIMIZATION_LEVEL = 0;
				GCC_PREPROCESSOR_DEFINITIONS = (
					"DEBUG=1",
					"$(inherited)",
				);
				GCC_WARN_64_TO_32_BIT_CONVERSION = YES;
				GCC_WARN_ABOUT_RETURN_TYPE = YES_ERROR;
				GCC_WARN_UNDECLARED_SELECTOR = YES;
				GCC_WARN_UNINITIALIZED_AUTOS = YES_AGGRESSIVE;
				GCC_WARN_UNUSED_FUNCTION = YES;
				GCC_WARN_UNUSED_VARIABLE = YES;
				IPHONEOS_DEPLOYMENT_TARGET = 16.1;
				MTL_ENABLE_DEBUG_INFO = INCLUDE_SOURCE;
				MTL_FAST_MATH = YES;
				ONLY_ACTIVE_ARCH = YES;
				SDKROOT = iphoneos;
				SWIFT_ACTIVE_COMPILATION_CONDITIONS = DEBUG;
				SWIFT_OPTIMIZATION_LEVEL = "-Onone";
			};
			name = Debug;
		};
		CEA756C129DAEB7A00D996D2 /* Release */ = {
			isa = XCBuildConfiguration;
			buildSettings = {
				ALWAYS_SEARCH_USER_PATHS = NO;
				CLANG_ANALYZER_NONNULL = YES;
				CLANG_ANALYZER_NUMBER_OBJECT_CONVERSION = YES_AGGRESSIVE;
				CLANG_CXX_LANGUAGE_STANDARD = "gnu++20";
				CLANG_ENABLE_MODULES = YES;
				CLANG_ENABLE_OBJC_ARC = YES;
				CLANG_ENABLE_OBJC_WEAK = YES;
				CLANG_WARN_BLOCK_CAPTURE_AUTORELEASING = YES;
				CLANG_WARN_BOOL_CONVERSION = YES;
				CLANG_WARN_COMMA = YES;
				CLANG_WARN_CONSTANT_CONVERSION = YES;
				CLANG_WARN_DEPRECATED_OBJC_IMPLEMENTATIONS = YES;
				CLANG_WARN_DIRECT_OBJC_ISA_USAGE = YES_ERROR;
				CLANG_WARN_DOCUMENTATION_COMMENTS = YES;
				CLANG_WARN_EMPTY_BODY = YES;
				CLANG_WARN_ENUM_CONVERSION = YES;
				CLANG_WARN_INFINITE_RECURSION = YES;
				CLANG_WARN_INT_CONVERSION = YES;
				CLANG_WARN_NON_LITERAL_NULL_CONVERSION = YES;
				CLANG_WARN_OBJC_IMPLICIT_RETAIN_SELF = YES;
				CLANG_WARN_OBJC_LITERAL_CONVERSION = YES;
				CLANG_WARN_OBJC_ROOT_CLASS = YES_ERROR;
				CLANG_WARN_QUOTED_INCLUDE_IN_FRAMEWORK_HEADER = YES;
				CLANG_WARN_RANGE_LOOP_ANALYSIS = YES;
				CLANG_WARN_STRICT_PROTOTYPES = YES;
				CLANG_WARN_SUSPICIOUS_MOVE = YES;
				CLANG_WARN_UNGUARDED_AVAILABILITY = YES_AGGRESSIVE;
				CLANG_WARN_UNREACHABLE_CODE = YES;
				CLANG_WARN__DUPLICATE_METHOD_MATCH = YES;
				COPY_PHASE_STRIP = NO;
				DEBUG_INFORMATION_FORMAT = "dwarf-with-dsym";
				ENABLE_NS_ASSERTIONS = NO;
				ENABLE_STRICT_OBJC_MSGSEND = YES;
				GCC_C_LANGUAGE_STANDARD = gnu11;
				GCC_NO_COMMON_BLOCKS = YES;
				GCC_WARN_64_TO_32_BIT_CONVERSION = YES;
				GCC_WARN_ABOUT_RETURN_TYPE = YES_ERROR;
				GCC_WARN_UNDECLARED_SELECTOR = YES;
				GCC_WARN_UNINITIALIZED_AUTOS = YES_AGGRESSIVE;
				GCC_WARN_UNUSED_FUNCTION = YES;
				GCC_WARN_UNUSED_VARIABLE = YES;
				IPHONEOS_DEPLOYMENT_TARGET = 16.1;
				MTL_ENABLE_DEBUG_INFO = NO;
				MTL_FAST_MATH = YES;
				SDKROOT = iphoneos;
				SWIFT_COMPILATION_MODE = wholemodule;
				SWIFT_OPTIMIZATION_LEVEL = "-O";
				VALIDATE_PRODUCT = YES;
			};
			name = Release;
		};
		CEA756C329DAEB7A00D996D2 /* Debug */ = {
			isa = XCBuildConfiguration;
			baseConfigurationReference = A8C585A12B43A98127E8AA07 /* Pods-NewsAppNew3.debug.xcconfig */;
			buildSettings = {
				ASSETCATALOG_COMPILER_APPICON_NAME = AppIcon;
				ASSETCATALOG_COMPILER_GLOBAL_ACCENT_COLOR_NAME = AccentColor;
				CODE_SIGN_STYLE = Automatic;
				CURRENT_PROJECT_VERSION = 1;
				DEVELOPMENT_TEAM = L7UNQRV788;
				GENERATE_INFOPLIST_FILE = YES;
				INFOPLIST_FILE = NewsAppNew3/Info.plist;
				INFOPLIST_KEY_UIApplicationSupportsIndirectInputEvents = YES;
				INFOPLIST_KEY_UILaunchStoryboardName = LaunchScreen;
				INFOPLIST_KEY_UIMainStoryboardFile = Main;
				INFOPLIST_KEY_UISupportedInterfaceOrientations_iPad = "UIInterfaceOrientationPortrait UIInterfaceOrientationPortraitUpsideDown UIInterfaceOrientationLandscapeLeft UIInterfaceOrientationLandscapeRight";
				INFOPLIST_KEY_UISupportedInterfaceOrientations_iPhone = "UIInterfaceOrientationPortrait UIInterfaceOrientationLandscapeLeft UIInterfaceOrientationLandscapeRight";
				LD_RUNPATH_SEARCH_PATHS = (
					"$(inherited)",
					"@executable_path/Frameworks",
				);
				MARKETING_VERSION = 1.0;
				PRODUCT_BUNDLE_IDENTIFIER = check.NewsAppNew3;
				PRODUCT_NAME = "$(TARGET_NAME)";
				SWIFT_EMIT_LOC_STRINGS = YES;
				SWIFT_VERSION = 5.0;
				TARGETED_DEVICE_FAMILY = "1,2";
			};
			name = Debug;
		};
		CEA756C429DAEB7A00D996D2 /* Release */ = {
			isa = XCBuildConfiguration;
			baseConfigurationReference = 180C2AEBD08A651AADA206DE /* Pods-NewsAppNew3.release.xcconfig */;
			buildSettings = {
				ASSETCATALOG_COMPILER_APPICON_NAME = AppIcon;
				ASSETCATALOG_COMPILER_GLOBAL_ACCENT_COLOR_NAME = AccentColor;
				CODE_SIGN_STYLE = Automatic;
				CURRENT_PROJECT_VERSION = 1;
				DEVELOPMENT_TEAM = L7UNQRV788;
				GENERATE_INFOPLIST_FILE = YES;
				INFOPLIST_FILE = NewsAppNew3/Info.plist;
				INFOPLIST_KEY_UIApplicationSupportsIndirectInputEvents = YES;
				INFOPLIST_KEY_UILaunchStoryboardName = LaunchScreen;
				INFOPLIST_KEY_UIMainStoryboardFile = Main;
				INFOPLIST_KEY_UISupportedInterfaceOrientations_iPad = "UIInterfaceOrientationPortrait UIInterfaceOrientationPortraitUpsideDown UIInterfaceOrientationLandscapeLeft UIInterfaceOrientationLandscapeRight";
				INFOPLIST_KEY_UISupportedInterfaceOrientations_iPhone = "UIInterfaceOrientationPortrait UIInterfaceOrientationLandscapeLeft UIInterfaceOrientationLandscapeRight";
				LD_RUNPATH_SEARCH_PATHS = (
					"$(inherited)",
					"@executable_path/Frameworks",
				);
				MARKETING_VERSION = 1.0;
				PRODUCT_BUNDLE_IDENTIFIER = check.NewsAppNew3;
				PRODUCT_NAME = "$(TARGET_NAME)";
				SWIFT_EMIT_LOC_STRINGS = YES;
				SWIFT_VERSION = 5.0;
				TARGETED_DEVICE_FAMILY = "1,2";
			};
			name = Release;
		};
/* End XCBuildConfiguration section */

/* Begin XCConfigurationList section */
		CEA756A929DAEB7700D996D2 /* Build configuration list for PBXProject "NewsAppNew3" */ = {
			isa = XCConfigurationList;
			buildConfigurations = (
				CEA756C029DAEB7A00D996D2 /* Debug */,
				CEA756C129DAEB7A00D996D2 /* Release */,
			);
			defaultConfigurationIsVisible = 0;
			defaultConfigurationName = Release;
		};
		CEA756C229DAEB7A00D996D2 /* Build configuration list for PBXNativeTarget "NewsAppNew3" */ = {
			isa = XCConfigurationList;
			buildConfigurations = (
				CEA756C329DAEB7A00D996D2 /* Debug */,
				CEA756C429DAEB7A00D996D2 /* Release */,
			);
			defaultConfigurationIsVisible = 0;
			defaultConfigurationName = Release;
		};
/* End XCConfigurationList section */
	};
	rootObject = CEA756A629DAEB7700D996D2 /* Project object */;
}
